
Microsoft Visual Studio Solution File, Format Version 12.00
# Visual Studio Version 16
VisualStudioVersion = 16.0.28705.295
MinimumVisualStudioVersion = 10.0.40219.1
Project("{9A19103F-16F7-4668-BE54-9A1E7A4F7556}") = "Mq.MediatoR.Abstractions", "src\Mq.MediatoR.Abstractions\Mq.MediatoR.Abstractions.csproj", "{FB1D0D73-015D-41A2-AD27-EB605B4EE80D}"
EndProject
Project("{2150E333-8FDC-42A3-9474-1A3956D46DE8}") = "Solution Items", "Solution Items", "{005E9071-B3E1-469A-B607-8FFA87FF8371}"
	ProjectSection(SolutionItems) = preProject
		.editorconfig = .editorconfig
		.gitattributes = .gitattributes
		.gitignore = .gitignore
		Directory.Build.props = Directory.Build.props
		Directory.Build.targets = Directory.Build.targets
		global.json = global.json
		NuGet.config = NuGet.config
		README.md = README.md
		version.props = version.props
	EndProjectSection
EndProject
Project("{2150E333-8FDC-42A3-9474-1A3956D46DE8}") = "src", "src", "{978D7BDB-9E1B-49B1-A3E8-0BE5B8C2724F}"
EndProject
Project("{2150E333-8FDC-42A3-9474-1A3956D46DE8}") = "test", "test", "{B424C7F4-86B9-471A-8984-C7D99F072C45}"
EndProject
Project("{9A19103F-16F7-4668-BE54-9A1E7A4F7556}") = "Mq.MediatoR.EventBus.RabbitMq", "src\Mq.MediatoR.EventBus.RabbitMq\Mq.MediatoR.EventBus.RabbitMq.csproj", "{A030CF4B-1964-48AF-94E5-DC696C64E9C2}"
EndProject
Project("{9A19103F-16F7-4668-BE54-9A1E7A4F7556}") = "Mq.MediatoR.EventBus.RubbitMQ.Test", "test\Mq.MediatoR.EventBus.RubbitMQ.Test\Mq.MediatoR.EventBus.RubbitMQ.Test.csproj", "{7AC11E18-FB35-4D7C-823D-5EB3EB2AE22F}"
EndProject
Project("{9A19103F-16F7-4668-BE54-9A1E7A4F7556}") = "Mq.MediatoR.Notification.InMem", "src\Mq.MediatoR.Notification.InMem\Mq.MediatoR.Notification.InMem.csproj", "{730CD722-684D-4CA0-89BA-460799031B11}"
EndProject
Project("{9A19103F-16F7-4668-BE54-9A1E7A4F7556}") = "Mq.MediatoR.Request.InMem", "src\Mq.MediatoR.Request.InMem\Mq.MediatoR.Request.InMem.csproj", "{8CDC2DBE-E205-4F9F-B77C-DC24BD5B8443}"
EndProject
Project("{9A19103F-16F7-4668-BE54-9A1E7A4F7556}") = "Mq.MediatoR.InMem.Test", "test\Mq.MediatoR.InMem.Test\Mq.MediatoR.InMem.Test.csproj", "{83D32511-1739-44D5-AB31-7770B8A684E6}"
EndProject
Global
	GlobalSection(SolutionConfigurationPlatforms) = preSolution
		Debug|Any CPU = Debug|Any CPU
		Release|Any CPU = Release|Any CPU
	EndGlobalSection
	GlobalSection(ProjectConfigurationPlatforms) = postSolution
		{FB1D0D73-015D-41A2-AD27-EB605B4EE80D}.Debug|Any CPU.ActiveCfg = Debug|Any CPU
		{FB1D0D73-015D-41A2-AD27-EB605B4EE80D}.Debug|Any CPU.Build.0 = Debug|Any CPU
		{FB1D0D73-015D-41A2-AD27-EB605B4EE80D}.Release|Any CPU.ActiveCfg = Release|Any CPU
		{FB1D0D73-015D-41A2-AD27-EB605B4EE80D}.Release|Any CPU.Build.0 = Release|Any CPU
		{A030CF4B-1964-48AF-94E5-DC696C64E9C2}.Debug|Any CPU.ActiveCfg = Debug|Any CPU
		{A030CF4B-1964-48AF-94E5-DC696C64E9C2}.Debug|Any CPU.Build.0 = Debug|Any CPU
		{A030CF4B-1964-48AF-94E5-DC696C64E9C2}.Release|Any CPU.ActiveCfg = Release|Any CPU
		{A030CF4B-1964-48AF-94E5-DC696C64E9C2}.Release|Any CPU.Build.0 = Release|Any CPU
		{7AC11E18-FB35-4D7C-823D-5EB3EB2AE22F}.Debug|Any CPU.ActiveCfg = Debug|Any CPU
		{7AC11E18-FB35-4D7C-823D-5EB3EB2AE22F}.Debug|Any CPU.Build.0 = Debug|Any CPU
		{7AC11E18-FB35-4D7C-823D-5EB3EB2AE22F}.Release|Any CPU.ActiveCfg = Release|Any CPU
		{7AC11E18-FB35-4D7C-823D-5EB3EB2AE22F}.Release|Any CPU.Build.0 = Release|Any CPU
		{730CD722-684D-4CA0-89BA-460799031B11}.Debug|Any CPU.ActiveCfg = Debug|Any CPU
		{730CD722-684D-4CA0-89BA-460799031B11}.Debug|Any CPU.Build.0 = Debug|Any CPU
		{730CD722-684D-4CA0-89BA-460799031B11}.Release|Any CPU.ActiveCfg = Release|Any CPU
		{730CD722-684D-4CA0-89BA-460799031B11}.Release|Any CPU.Build.0 = Release|Any CPU
		{8CDC2DBE-E205-4F9F-B77C-DC24BD5B8443}.Debug|Any CPU.ActiveCfg = Debug|Any CPU
		{8CDC2DBE-E205-4F9F-B77C-DC24BD5B8443}.Debug|Any CPU.Build.0 = Debug|Any CPU
		{8CDC2DBE-E205-4F9F-B77C-DC24BD5B8443}.Release|Any CPU.ActiveCfg = Release|Any CPU
		{8CDC2DBE-E205-4F9F-B77C-DC24BD5B8443}.Release|Any CPU.Build.0 = Release|Any CPU
		{83D32511-1739-44D5-AB31-7770B8A684E6}.Debug|Any CPU.ActiveCfg = Debug|Any CPU
		{83D32511-1739-44D5-AB31-7770B8A684E6}.Debug|Any CPU.Build.0 = Debug|Any CPU
		{83D32511-1739-44D5-AB31-7770B8A684E6}.Release|Any CPU.ActiveCfg = Release|Any CPU
		{83D32511-1739-44D5-AB31-7770B8A684E6}.Release|Any CPU.Build.0 = Release|Any CPU
	EndGlobalSection
	GlobalSection(SolutionProperties) = preSolution
		HideSolutionNode = FALSE
	EndGlobalSection
	GlobalSection(NestedProjects) = preSolution
		{FB1D0D73-015D-41A2-AD27-EB605B4EE80D} = {978D7BDB-9E1B-49B1-A3E8-0BE5B8C2724F}
		{A030CF4B-1964-48AF-94E5-DC696C64E9C2} = {978D7BDB-9E1B-49B1-A3E8-0BE5B8C2724F}
		{7AC11E18-FB35-4D7C-823D-5EB3EB2AE22F} = {B424C7F4-86B9-471A-8984-C7D99F072C45}
		{730CD722-684D-4CA0-89BA-460799031B11} = {978D7BDB-9E1B-49B1-A3E8-0BE5B8C2724F}
		{8CDC2DBE-E205-4F9F-B77C-DC24BD5B8443} = {978D7BDB-9E1B-49B1-A3E8-0BE5B8C2724F}
	EndGlobalSection
	GlobalSection(ExtensibilityGlobals) = postSolution
		SolutionGuid = {B75BAEF2-5315-43BC-B968-0742F810DB9C}
	EndGlobalSection
EndGlobal
